// !$*UTF8*$!
{
	archiveVersion = 1;
	classes = {
	};
	objectVersion = 50;
	objects = {

/* Begin PBXBuildFile section */
		0A83D10D2C9A8E41E8298D54 /* Pods_iceberg.framework in Frameworks */ = {isa = PBXBuildFile; fileRef = 7C338717F84443BBEE03C184 /* Pods_iceberg.framework */; };
		D2B4A30B20F55703003FE86A /* AppDelegate.swift in Sources */ = {isa = PBXBuildFile; fileRef = D2B4A30A20F55703003FE86A /* AppDelegate.swift */; };
		D2B4A30D20F55703003FE86A /* ViewController.swift in Sources */ = {isa = PBXBuildFile; fileRef = D2B4A30C20F55703003FE86A /* ViewController.swift */; };
		D2B4A31020F55703003FE86A /* Main.storyboard in Resources */ = {isa = PBXBuildFile; fileRef = D2B4A30E20F55703003FE86A /* Main.storyboard */; };
		D2B4A31220F55705003FE86A /* Assets.xcassets in Resources */ = {isa = PBXBuildFile; fileRef = D2B4A31120F55705003FE86A /* Assets.xcassets */; };
		D2B4A31520F55705003FE86A /* LaunchScreen.storyboard in Resources */ = {isa = PBXBuildFile; fileRef = D2B4A31320F55705003FE86A /* LaunchScreen.storyboard */; };
		D2B4A31D20F55735003FE86A /* GoogleService-Info.plist in Resources */ = {isa = PBXBuildFile; fileRef = D2B4A31C20F55735003FE86A /* GoogleService-Info.plist */; };
/* End PBXBuildFile section */

/* Begin PBXFileReference section */
		10452ABD65FCB683B7DDEB02 /* Pods-iceberg.debug.xcconfig */ = {isa = PBXFileReference; includeInIndex = 1; lastKnownFileType = text.xcconfig; name = "Pods-iceberg.debug.xcconfig"; path = "Pods/Target Support Files/Pods-iceberg/Pods-iceberg.debug.xcconfig"; sourceTree = "<group>"; };
		7C338717F84443BBEE03C184 /* Pods_iceberg.framework */ = {isa = PBXFileReference; explicitFileType = wrapper.framework; includeInIndex = 0; path = Pods_iceberg.framework; sourceTree = BUILT_PRODUCTS_DIR; };
		A763F761B3EDCFF7396BE052 /* Pods-iceberg.release.xcconfig */ = {isa = PBXFileReference; includeInIndex = 1; lastKnownFileType = text.xcconfig; name = "Pods-iceberg.release.xcconfig"; path = "Pods/Target Support Files/Pods-iceberg/Pods-iceberg.release.xcconfig"; sourceTree = "<group>"; };
		D2B4A30720F55703003FE86A /* iceberg.app */ = {isa = PBXFileReference; explicitFileType = wrapper.application; includeInIndex = 0; path = iceberg.app; sourceTree = BUILT_PRODUCTS_DIR; };
		D2B4A30A20F55703003FE86A /* AppDelegate.swift */ = {isa = PBXFileReference; lastKnownFileType = sourcecode.swift; path = AppDelegate.swift; sourceTree = "<group>"; };
		D2B4A30C20F55703003FE86A /* ViewController.swift */ = {isa = PBXFileReference; lastKnownFileType = sourcecode.swift; path = ViewController.swift; sourceTree = "<group>"; };
		D2B4A30F20F55703003FE86A /* Base */ = {isa = PBXFileReference; lastKnownFileType = file.storyboard; name = Base; path = Base.lproj/Main.storyboard; sourceTree = "<group>"; };
		D2B4A31120F55705003FE86A /* Assets.xcassets */ = {isa = PBXFileReference; lastKnownFileType = folder.assetcatalog; path = Assets.xcassets; sourceTree = "<group>"; };
		D2B4A31420F55705003FE86A /* Base */ = {isa = PBXFileReference; lastKnownFileType = file.storyboard; name = Base; path = Base.lproj/LaunchScreen.storyboard; sourceTree = "<group>"; };
		D2B4A31620F55705003FE86A /* Info.plist */ = {isa = PBXFileReference; lastKnownFileType = text.plist.xml; path = Info.plist; sourceTree = "<group>"; };
		D2B4A31C20F55735003FE86A /* GoogleService-Info.plist */ = {isa = PBXFileReference; fileEncoding = 4; lastKnownFileType = text.plist.xml; path = "GoogleService-Info.plist"; sourceTree = "<group>"; };
/* End PBXFileReference section */

/* Begin PBXFrameworksBuildPhase section */
		D2B4A30420F55703003FE86A /* Frameworks */ = {
			isa = PBXFrameworksBuildPhase;
			buildActionMask = 2147483647;
			files = (
				0A83D10D2C9A8E41E8298D54 /* Pods_iceberg.framework in Frameworks */,
			);
			runOnlyForDeploymentPostprocessing = 0;
		};
/* End PBXFrameworksBuildPhase section */

/* Begin PBXGroup section */
		4470B36FD73A59BBAF2D6CF2 /* Frameworks */ = {
			isa = PBXGroup;
			children = (
				7C338717F84443BBEE03C184 /* Pods_iceberg.framework */,
			);
			name = Frameworks;
			sourceTree = "<group>";
		};
		D2B4A2FE20F55703003FE86A = {
			isa = PBXGroup;
			children = (
				D2B4A30920F55703003FE86A /* iceberg */,
				D2B4A30820F55703003FE86A /* Products */,
				D437AC697AC1DAC12210CFB4 /* Pods */,
				4470B36FD73A59BBAF2D6CF2 /* Frameworks */,
			);
			sourceTree = "<group>";
		};
		D2B4A30820F55703003FE86A /* Products */ = {
			isa = PBXGroup;
			children = (
				D2B4A30720F55703003FE86A /* iceberg.app */,
			);
			name = Products;
			sourceTree = "<group>";
		};
		D2B4A30920F55703003FE86A /* iceberg */ = {
			isa = PBXGroup;
			children = (
				D2B4A30A20F55703003FE86A /* AppDelegate.swift */,
				D2B4A31E20FD1B25003FE86A /* Controllers */,
				D2B4A31F20FD1B4E003FE86A /* Extensions */,
				D2B4A32020FD1B6A003FE86A /* Helpers */,
				D2B4A32720FD1BD9003FE86A /* Supporting Files */,
				D2B4A32220FD1B91003FE86A /* Services */,
				D2B4A32820FD1BE7003FE86A /* Views */,
				D2B4A32420FD1BB4003FE86A /* Storyboards */,
				D2B4A32120FD1B76003FE86A /* Models */,
				D2B4A31120F55705003FE86A /* Assets.xcassets */,
			);
			path = iceberg;
			sourceTree = "<group>";
		};
		D2B4A31E20FD1B25003FE86A /* Controllers */ = {
			isa = PBXGroup;
			children = (
				D2B4A30C20F55703003FE86A /* ViewController.swift */,
			);
			path = Controllers;
			sourceTree = "<group>";
		};
		D2B4A31F20FD1B4E003FE86A /* Extensions */ = {
			isa = PBXGroup;
			children = (
			);
			path = Extensions;
			sourceTree = "<group>";
		};
		D2B4A32020FD1B6A003FE86A /* Helpers */ = {
			isa = PBXGroup;
			children = (
			);
			path = Helpers;
			sourceTree = "<group>";
		};
		D2B4A32120FD1B76003FE86A /* Models */ = {
			isa = PBXGroup;
			children = (
			);
			path = Models;
			sourceTree = "<group>";
		};
		D2B4A32220FD1B91003FE86A /* Services */ = {
			isa = PBXGroup;
			children = (
			);
			path = Services;
			sourceTree = "<group>";
		};
		D2B4A32420FD1BB4003FE86A /* Storyboards */ = {
			isa = PBXGroup;
			children = (
				D2B4A30E20F55703003FE86A /* Main.storyboard */,
				D2B4A31320F55705003FE86A /* LaunchScreen.storyboard */,
			);
			path = Storyboards;
			sourceTree = "<group>";
		};
		D2B4A32720FD1BD9003FE86A /* Supporting Files */ = {
			isa = PBXGroup;
			children = (
				D2B4A31C20F55735003FE86A /* GoogleService-Info.plist */,
				D2B4A31620F55705003FE86A /* Info.plist */,
			);
			path = "Supporting Files";
			sourceTree = "<group>";
		};
		D2B4A32820FD1BE7003FE86A /* Views */ = {
			isa = PBXGroup;
			children = (
			);
			path = Views;
			sourceTree = "<group>";
		};
		D437AC697AC1DAC12210CFB4 /* Pods */ = {
			isa = PBXGroup;
			children = (
				10452ABD65FCB683B7DDEB02 /* Pods-iceberg.debug.xcconfig */,
				A763F761B3EDCFF7396BE052 /* Pods-iceberg.release.xcconfig */,
			);
			name = Pods;
			sourceTree = "<group>";
		};
/* End PBXGroup section */

/* Begin PBXNativeTarget section */
		D2B4A30620F55703003FE86A /* iceberg */ = {
			isa = PBXNativeTarget;
			buildConfigurationList = D2B4A31920F55705003FE86A /* Build configuration list for PBXNativeTarget "iceberg" */;
			buildPhases = (
				EF2B5DDB1F563171951D13B9 /* [CP] Check Pods Manifest.lock */,
				D2B4A30320F55703003FE86A /* Sources */,
				D2B4A30420F55703003FE86A /* Frameworks */,
				D2B4A30520F55703003FE86A /* Resources */,
				2EE07608AE241BBFA91FFC64 /* [CP] Embed Pods Frameworks */,
				5971438BD5F0E31DE5396EE0 /* [CP] Copy Pods Resources */,
			);
			buildRules = (
			);
			dependencies = (
			);
			name = iceberg;
			productName = iceberg;
			productReference = D2B4A30720F55703003FE86A /* iceberg.app */;
			productType = "com.apple.product-type.application";
		};
/* End PBXNativeTarget section */

/* Begin PBXProject section */
		D2B4A2FF20F55703003FE86A /* Project object */ = {
			isa = PBXProject;
			attributes = {
				LastSwiftUpdateCheck = 0930;
				LastUpgradeCheck = 0930;
				ORGANIZATIONNAME = iceberg;
				TargetAttributes = {
					D2B4A30620F55703003FE86A = {
						CreatedOnToolsVersion = 9.3.1;
					};
				};
			};
			buildConfigurationList = D2B4A30220F55703003FE86A /* Build configuration list for PBXProject "iceberg" */;
			compatibilityVersion = "Xcode 9.3";
			developmentRegion = en;
			hasScannedForEncodings = 0;
			knownRegions = (
				en,
				Base,
			);
			mainGroup = D2B4A2FE20F55703003FE86A;
			productRefGroup = D2B4A30820F55703003FE86A /* Products */;
			projectDirPath = "";
			projectRoot = "";
			targets = (
				D2B4A30620F55703003FE86A /* iceberg */,
			);
		};
/* End PBXProject section */

/* Begin PBXResourcesBuildPhase section */
		D2B4A30520F55703003FE86A /* Resources */ = {
			isa = PBXResourcesBuildPhase;
			buildActionMask = 2147483647;
			files = (
				D2B4A31520F55705003FE86A /* LaunchScreen.storyboard in Resources */,
				D2B4A31D20F55735003FE86A /* GoogleService-Info.plist in Resources */,
				D2B4A31220F55705003FE86A /* Assets.xcassets in Resources */,
				D2B4A31020F55703003FE86A /* Main.storyboard in Resources */,
			);
			runOnlyForDeploymentPostprocessing = 0;
		};
/* End PBXResourcesBuildPhase section */

/* Begin PBXShellScriptBuildPhase section */
		2EE07608AE241BBFA91FFC64 /* [CP] Embed Pods Frameworks */ = {
			isa = PBXShellScriptBuildPhase;
			buildActionMask = 2147483647;
			files = (
			);
			inputPaths = (
				"${SRCROOT}/Pods/Target Support Files/Pods-iceberg/Pods-iceberg-frameworks.sh",
				"${BUILT_PRODUCTS_DIR}/GTMSessionFetcher/GTMSessionFetcher.framework",
				"${BUILT_PRODUCTS_DIR}/GoogleToolboxForMac/GoogleToolboxForMac.framework",
				"${BUILT_PRODUCTS_DIR}/leveldb-library/leveldb.framework",
				"${BUILT_PRODUCTS_DIR}/nanopb/nanopb.framework",
			);
			name = "[CP] Embed Pods Frameworks";
			outputPaths = (
				"${TARGET_BUILD_DIR}/${FRAMEWORKS_FOLDER_PATH}/GTMSessionFetcher.framework",
				"${TARGET_BUILD_DIR}/${FRAMEWORKS_FOLDER_PATH}/GoogleToolboxForMac.framework",
				"${TARGET_BUILD_DIR}/${FRAMEWORKS_FOLDER_PATH}/leveldb.framework",
				"${TARGET_BUILD_DIR}/${FRAMEWORKS_FOLDER_PATH}/nanopb.framework",
			);
			runOnlyForDeploymentPostprocessing = 0;
			shellPath = /bin/sh;
			shellScript = "\"${SRCROOT}/Pods/Target Support Files/Pods-iceberg/Pods-iceberg-frameworks.sh\"\n";
			showEnvVarsInLog = 0;
		};
		5971438BD5F0E31DE5396EE0 /* [CP] Copy Pods Resources */ = {
			isa = PBXShellScriptBuildPhase;
			buildActionMask = 2147483647;
			files = (
			);
			inputPaths = (
				"${SRCROOT}/Pods/Target Support Files/Pods-iceberg/Pods-iceberg-resources.sh",
				"${PODS_CONFIGURATION_BUILD_DIR}/FirebaseUI/FirebaseAuthUI.bundle",
			);
			name = "[CP] Copy Pods Resources";
			outputPaths = (
				"${TARGET_BUILD_DIR}/${UNLOCALIZED_RESOURCES_FOLDER_PATH}/FirebaseAuthUI.bundle",
			);
			runOnlyForDeploymentPostprocessing = 0;
			shellPath = /bin/sh;
			shellScript = "\"${SRCROOT}/Pods/Target Support Files/Pods-iceberg/Pods-iceberg-resources.sh\"\n";
			showEnvVarsInLog = 0;
		};
		EF2B5DDB1F563171951D13B9 /* [CP] Check Pods Manifest.lock */ = {
			isa = PBXShellScriptBuildPhase;
			buildActionMask = 2147483647;
			files = (
			);
			inputPaths = (
				"${PODS_PODFILE_DIR_PATH}/Podfile.lock",
				"${PODS_ROOT}/Manifest.lock",
			);
			name = "[CP] Check Pods Manifest.lock";
			outputPaths = (
				"$(DERIVED_FILE_DIR)/Pods-iceberg-checkManifestLockResult.txt",
			);
			runOnlyForDeploymentPostprocessing = 0;
			shellPath = /bin/sh;
			shellScript = "diff \"${PODS_PODFILE_DIR_PATH}/Podfile.lock\" \"${PODS_ROOT}/Manifest.lock\" > /dev/null\nif [ $? != 0 ] ; then\n    # print error to STDERR\n    echo \"error: The sandbox is not in sync with the Podfile.lock. Run 'pod install' or update your CocoaPods installation.\" >&2\n    exit 1\nfi\n# This output is used by Xcode 'outputs' to avoid re-running this script phase.\necho \"SUCCESS\" > \"${SCRIPT_OUTPUT_FILE_0}\"\n";
			showEnvVarsInLog = 0;
		};
/* End PBXShellScriptBuildPhase section */

/* Begin PBXSourcesBuildPhase section */
		D2B4A30320F55703003FE86A /* Sources */ = {
			isa = PBXSourcesBuildPhase;
			buildActionMask = 2147483647;
			files = (
				D2B4A30D20F55703003FE86A /* ViewController.swift in Sources */,
				D2B4A30B20F55703003FE86A /* AppDelegate.swift in Sources */,
			);
			runOnlyForDeploymentPostprocessing = 0;
		};
/* End PBXSourcesBuildPhase section */

/* Begin PBXVariantGroup section */
		D2B4A30E20F55703003FE86A /* Main.storyboard */ = {
			isa = PBXVariantGroup;
			children = (
				D2B4A30F20F55703003FE86A /* Base */,
			);
			name = Main.storyboard;
			sourceTree = "<group>";
		};
		D2B4A31320F55705003FE86A /* LaunchScreen.storyboard */ = {
			isa = PBXVariantGroup;
			children = (
				D2B4A31420F55705003FE86A /* Base */,
			);
			name = LaunchScreen.storyboard;
			sourceTree = "<group>";
		};
/* End PBXVariantGroup section */

/* Begin XCBuildConfiguration section */
		D2B4A31720F55705003FE86A /* Debug */ = {
			isa = XCBuildConfiguration;
			buildSettings = {
				ALWAYS_SEARCH_USER_PATHS = NO;
				CLANG_ANALYZER_NONNULL = YES;
				CLANG_ANALYZER_NUMBER_OBJECT_CONVERSION = YES_AGGRESSIVE;
				CLANG_CXX_LANGUAGE_STANDARD = "gnu++14";
				CLANG_CXX_LIBRARY = "libc++";
				CLANG_ENABLE_MODULES = YES;
				CLANG_ENABLE_OBJC_ARC = YES;
				CLANG_ENABLE_OBJC_WEAK = YES;
				CLANG_WARN_BLOCK_CAPTURE_AUTORELEASING = YES;
				CLANG_WARN_BOOL_CONVERSION = YES;
				CLANG_WARN_COMMA = YES;
				CLANG_WARN_CONSTANT_CONVERSION = YES;
				CLANG_WARN_DEPRECATED_OBJC_IMPLEMENTATIONS = YES;
				CLANG_WARN_DIRECT_OBJC_ISA_USAGE = YES_ERROR;
				CLANG_WARN_DOCUMENTATION_COMMENTS = YES;
				CLANG_WARN_EMPTY_BODY = YES;
				CLANG_WARN_ENUM_CONVERSION = YES;
				CLANG_WARN_INFINITE_RECURSION = YES;
				CLANG_WARN_INT_CONVERSION = YES;
				CLANG_WARN_NON_LITERAL_NULL_CONVERSION = YES;
				CLANG_WARN_OBJC_IMPLICIT_RETAIN_SELF = YES;
				CLANG_WARN_OBJC_LITERAL_CONVERSION = YES;
				CLANG_WARN_OBJC_ROOT_CLASS = YES_ERROR;
				CLANG_WARN_RANGE_LOOP_ANALYSIS = YES;
				CLANG_WARN_STRICT_PROTOTYPES = YES;
				CLANG_WARN_SUSPICIOUS_MOVE = YES;
				CLANG_WARN_UNGUARDED_AVAILABILITY = YES_AGGRESSIVE;
				CLANG_WARN_UNREACHABLE_CODE = YES;
				CLANG_WARN__DUPLICATE_METHOD_MATCH = YES;
				CODE_SIGN_IDENTITY = "iPhone Developer";
				COPY_PHASE_STRIP = NO;
				DEBUG_INFORMATION_FORMAT = dwarf;
				ENABLE_STRICT_OBJC_MSGSEND = YES;
				ENABLE_TESTABILITY = YES;
				GCC_C_LANGUAGE_STANDARD = gnu11;
				GCC_DYNAMIC_NO_PIC = NO;
				GCC_NO_COMMON_BLOCKS = YES;
				GCC_OPTIMIZATION_LEVEL = 0;
				GCC_PREPROCESSOR_DEFINITIONS = (
					"DEBUG=1",
					"$(inherited)",
				);
				GCC_WARN_64_TO_32_BIT_CONVERSION = YES;
				GCC_WARN_ABOUT_RETURN_TYPE = YES_ERROR;
				GCC_WARN_UNDECLARED_SELECTOR = YES;
				GCC_WARN_UNINITIALIZED_AUTOS = YES_AGGRESSIVE;
				GCC_WARN_UNUSED_FUNCTION = YES;
				GCC_WARN_UNUSED_VARIABLE = YES;
				IPHONEOS_DEPLOYMENT_TARGET = 11.3;
				MTL_ENABLE_DEBUG_INFO = YES;
				ONLY_ACTIVE_ARCH = YES;
				SDKROOT = iphoneos;
				SWIFT_ACTIVE_COMPILATION_CONDITIONS = DEBUG;
				SWIFT_OPTIMIZATION_LEVEL = "-Onone";
			};
			name = Debug;
		};
		D2B4A31820F55705003FE86A /* Release */ = {
			isa = XCBuildConfiguration;
			buildSettings = {
				ALWAYS_SEARCH_USER_PATHS = NO;
				CLANG_ANALYZER_NONNULL = YES;
				CLANG_ANALYZER_NUMBER_OBJECT_CONVERSION = YES_AGGRESSIVE;
				CLANG_CXX_LANGUAGE_STANDARD = "gnu++14";
				CLANG_CXX_LIBRARY = "libc++";
				CLANG_ENABLE_MODULES = YES;
				CLANG_ENABLE_OBJC_ARC = YES;
				CLANG_ENABLE_OBJC_WEAK = YES;
				CLANG_WARN_BLOCK_CAPTURE_AUTORELEASING = YES;
				CLANG_WARN_BOOL_CONVERSION = YES;
				CLANG_WARN_COMMA = YES;
				CLANG_WARN_CONSTANT_CONVERSION = YES;
				CLANG_WARN_DEPRECATED_OBJC_IMPLEMENTATIONS = YES;
				CLANG_WARN_DIRECT_OBJC_ISA_USAGE = YES_ERROR;
				CLANG_WARN_DOCUMENTATION_COMMENTS = YES;
				CLANG_WARN_EMPTY_BODY = YES;
				CLANG_WARN_ENUM_CONVERSION = YES;
				CLANG_WARN_INFINITE_RECURSION = YES;
				CLANG_WARN_INT_CONVERSION = YES;
				CLANG_WARN_NON_LITERAL_NULL_CONVERSION = YES;
				CLANG_WARN_OBJC_IMPLICIT_RETAIN_SELF = YES;
				CLANG_WARN_OBJC_LITERAL_CONVERSION = YES;
				CLANG_WARN_OBJC_ROOT_CLASS = YES_ERROR;
				CLANG_WARN_RANGE_LOOP_ANALYSIS = YES;
				CLANG_WARN_STRICT_PROTOTYPES = YES;
				CLANG_WARN_SUSPICIOUS_MOVE = YES;
				CLANG_WARN_UNGUARDED_AVAILABILITY = YES_AGGRESSIVE;
				CLANG_WARN_UNREACHABLE_CODE = YES;
				CLANG_WARN__DUPLICATE_METHOD_MATCH = YES;
				CODE_SIGN_IDENTITY = "iPhone Developer";
				COPY_PHASE_STRIP = NO;
				DEBUG_INFORMATION_FORMAT = "dwarf-with-dsym";
				ENABLE_NS_ASSERTIONS = NO;
				ENABLE_STRICT_OBJC_MSGSEND = YES;
				GCC_C_LANGUAGE_STANDARD = gnu11;
				GCC_NO_COMMON_BLOCKS = YES;
				GCC_WARN_64_TO_32_BIT_CONVERSION = YES;
				GCC_WARN_ABOUT_RETURN_TYPE = YES_ERROR;
				GCC_WARN_UNDECLARED_SELECTOR = YES;
				GCC_WARN_UNINITIALIZED_AUTOS = YES_AGGRESSIVE;
				GCC_WARN_UNUSED_FUNCTION = YES;
				GCC_WARN_UNUSED_VARIABLE = YES;
				IPHONEOS_DEPLOYMENT_TARGET = 11.3;
				MTL_ENABLE_DEBUG_INFO = NO;
				SDKROOT = iphoneos;
				SWIFT_COMPILATION_MODE = wholemodule;
				SWIFT_OPTIMIZATION_LEVEL = "-O";
				VALIDATE_PRODUCT = YES;
			};
			name = Release;
		};
		D2B4A31A20F55705003FE86A /* Debug */ = {
			isa = XCBuildConfiguration;
			baseConfigurationReference = 10452ABD65FCB683B7DDEB02 /* Pods-iceberg.debug.xcconfig */;
			buildSettings = {
				ASSETCATALOG_COMPILER_APPICON_NAME = AppIcon;
				CODE_SIGN_STYLE = Automatic;
				INFOPLIST_FILE = "$(SRCROOT)/iceberg/Supporting Files/Info.plist";
				LD_RUNPATH_SEARCH_PATHS = (
					"$(inherited)",
					"@executable_path/Frameworks",
				);
				PRODUCT_BUNDLE_IDENTIFIER = com.prototype.iceberg;
				PRODUCT_NAME = "$(TARGET_NAME)";
				SWIFT_VERSION = 4.0;
				TARGETED_DEVICE_FAMILY = "1,2";
			};
			name = Debug;
		};
		D2B4A31B20F55705003FE86A /* Release */ = {
			isa = XCBuildConfiguration;
			baseConfigurationReference = A763F761B3EDCFF7396BE052 /* Pods-iceberg.release.xcconfig */;
			buildSettings = {
				ASSETCATALOG_COMPILER_APPICON_NAME = AppIcon;
				CODE_SIGN_STYLE = Automatic;
				INFOPLIST_FILE = "$(SRCROOT)/iceberg/Supporting Files/Info.plist";
				LD_RUNPATH_SEARCH_PATHS = (
					"$(inherited)",
					"@executable_path/Frameworks",
				);
				PRODUCT_BUNDLE_IDENTIFIER = com.prototype.iceberg;
				PRODUCT_NAME = "$(TARGET_NAME)";
				SWIFT_VERSION = 4.0;
				TARGETED_DEVICE_FAMILY = "1,2";
			};
			name = Release;
		};
/* End XCBuildConfiguration section */

/* Begin XCConfigurationList section */
		D2B4A30220F55703003FE86A /* Build configuration list for PBXProject "iceberg" */ = {
			isa = XCConfigurationList;
			buildConfigurations = (
				D2B4A31720F55705003FE86A /* Debug */,
				D2B4A31820F55705003FE86A /* Release */,
			);
			defaultConfigurationIsVisible = 0;
			defaultConfigurationName = Release;
		};
		D2B4A31920F55705003FE86A /* Build configuration list for PBXNativeTarget "iceberg" */ = {
			isa = XCConfigurationList;
			buildConfigurations = (
				D2B4A31A20F55705003FE86A /* Debug */,
				D2B4A31B20F55705003FE86A /* Release */,
			);
			defaultConfigurationIsVisible = 0;
			defaultConfigurationName = Release;
		};
/* End XCConfigurationList section */
	};
	rootObject = D2B4A2FF20F55703003FE86A /* Project object */;
}
